
Microsoft Visual Studio Solution File, Format Version 12.00
# Visual Studio Version 17
VisualStudioVersion = 17.6.33723.286
MinimumVisualStudioVersion = 10.0.40219.1
Project("{9A19103F-16F7-4668-BE54-9A1E7A4F7556}") = "LibraryAppAPI", "LibraryAppAPI\LibraryAppAPI.csproj", "{719332EF-8911-426B-989A-77AFB0898BC7}"
EndProject
Global
	GlobalSection(SolutionConfigurationPlatforms) = preSolution
		Debug|Any CPU = Debug|Any CPU
		Release|Any CPU = Release|Any CPU
	EndGlobalSection
	GlobalSection(ProjectConfigurationPlatforms) = postSolution
		{719332EF-8911-426B-989A-77AFB0898BC7}.Debug|Any CPU.ActiveCfg = Debug|Any CPU
		{719332EF-8911-426B-989A-77AFB0898BC7}.Debug|Any CPU.Build.0 = Debug|Any CPU
		{719332EF-8911-426B-989A-77AFB0898BC7}.Release|Any CPU.ActiveCfg = Release|Any CPU
		{719332EF-8911-426B-989A-77AFB0898BC7}.Release|Any CPU.Build.0 = Release|Any CPU
	EndGlobalSection
	GlobalSection(SolutionProperties) = preSolution
		HideSolutionNode = FALSE
	EndGlobalSection
	GlobalSection(ExtensibilityGlobals) = postSolution
		SolutionGuid = {C95A338B-5F11-4366-AF36-DA6D96CBB1CB}
	EndGlobalSection
EndGlobal
